// !$*UTF8*$!
{
	archiveVersion = 1;
	classes = {
	};
	objectVersion = 56;
	objects = {

/* Begin PBXBuildFile section */
		9A0200000000000000000000 /* doc2mdApp.swift in Sources */ = {isa = PBXBuildFile; fileRef = 9A0100000000000000000000 /* doc2mdApp.swift */; };
		9A0200000000000000000001 /* WebShellView.swift in Sources */ = {isa = PBXBuildFile; fileRef = 9A0100000000000000000001 /* WebShellView.swift */; };
		9A0200000000000000000002 /* Web in Resources */ = {isa = PBXBuildFile; fileRef = 9A0100000000000000000002 /* Web */; };
		9A0200000000000000000003 /* ShellBridge.swift in Sources */ = {isa = PBXBuildFile; fileRef = 9A0100000000000000000004 /* ShellBridge.swift */; };
		9A0200000000000000000004 /* MenuController.swift in Sources */ = {isa = PBXBuildFile; fileRef = 9A0100000000000000000005 /* MenuController.swift */; };
		9A0200000000000000000005 /* AppScheme.swift in Sources */ = {isa = PBXBuildFile; fileRef = 9A0100000000000000000006 /* AppScheme.swift */; };
		9A0200000000000000000006 /* FileStore.swift in Sources */ = {isa = PBXBuildFile; fileRef = 9A0100000000000000000007 /* FileStore.swift */; };
		9A0200000000000000000007 /* FileStoreTests.swift in Sources */ = {isa = PBXBuildFile; fileRef = 9A0100000000000000000009 /* FileStoreTests.swift */; };
		9A0200000000000000000008 /* FileStore.swift in Sources */ = {isa = PBXBuildFile; fileRef = 9A0100000000000000000007 /* FileStore.swift */; };
		9A0200000000000000000009 /* SupportedFormats.generated.swift in Sources */ = {isa = PBXBuildFile; fileRef = 9A010000000000000000000A /* SupportedFormats.generated.swift */; };
		9A0200000000000000000010 /* AppScheme.swift in Sources */ = {isa = PBXBuildFile; fileRef = 9A0100000000000000000006 /* AppScheme.swift */; };
		9A0200000000000000000011 /* AppSchemeImportRouteTests.swift in Sources */ = {isa = PBXBuildFile; fileRef = 9A010000000000000000000B /* AppSchemeImportRouteTests.swift */; };
		9A0200000000000000000012 /* SparkleController.swift in Sources */ = {isa = PBXBuildFile; fileRef = 9A010000000000000000000C /* SparkleController.swift */; };
		9A0200000000000000000013 /* Sparkle in Frameworks */ = {isa = PBXBuildFile; productRef = 9A5000000000000000000001 /* Sparkle */; };
		9A0200000000000000000014 /* Assets.xcassets in Resources */ = {isa = PBXBuildFile; fileRef = 9A010000000000000000000E /* Assets.xcassets */; };
		9A0200000000000000000015 /* PersistenceStore.swift in Sources */ = {isa = PBXBuildFile; fileRef = 9A010000000000000000000F /* PersistenceStore.swift */; };
		9A0200000000000000000016 /* PersistenceStore.swift in Sources */ = {isa = PBXBuildFile; fileRef = 9A010000000000000000000F /* PersistenceStore.swift */; };
		9A0200000000000000000017 /* PersistenceStoreTests.swift in Sources */ = {isa = PBXBuildFile; fileRef = 9A0100000000000000000010 /* PersistenceStoreTests.swift */; };
/* End PBXBuildFile section */

/* Begin PBXContainerItemProxy section */
		9A0400000000000000000000 /* PBXContainerItemProxy */ = {
			isa = PBXContainerItemProxy;
			containerPortal = 9A9999999999999999999999 /* Project object */;
			proxyType = 1;
			remoteGlobalIDString = 9A1111111111111111111111;
			remoteInfo = doc2md;
		};
/* End PBXContainerItemProxy section */

/* Begin PBXFileReference section */
		9A0100000000000000000000 /* doc2mdApp.swift */ = {isa = PBXFileReference; lastKnownFileType = sourcecode.swift; path = doc2mdApp.swift; sourceTree = "<group>"; };
		9A0100000000000000000001 /* WebShellView.swift */ = {isa = PBXFileReference; lastKnownFileType = sourcecode.swift; path = WebShellView.swift; sourceTree = "<group>"; };
		9A0100000000000000000002 /* Web */ = {isa = PBXFileReference; lastKnownFileType = folder; path = Web; sourceTree = "<group>"; };
		9A0100000000000000000003 /* doc2md.app */ = {isa = PBXFileReference; explicitFileType = wrapper.application; includeInIndex = 0; path = doc2md.app; sourceTree = BUILT_PRODUCTS_DIR; };
		9A0100000000000000000004 /* ShellBridge.swift */ = {isa = PBXFileReference; lastKnownFileType = sourcecode.swift; path = ShellBridge.swift; sourceTree = "<group>"; };
		9A0100000000000000000005 /* MenuController.swift */ = {isa = PBXFileReference; lastKnownFileType = sourcecode.swift; path = MenuController.swift; sourceTree = "<group>"; };
		9A0100000000000000000006 /* AppScheme.swift */ = {isa = PBXFileReference; lastKnownFileType = sourcecode.swift; path = AppScheme.swift; sourceTree = "<group>"; };
		9A0100000000000000000007 /* FileStore.swift */ = {isa = PBXFileReference; lastKnownFileType = sourcecode.swift; path = FileStore.swift; sourceTree = "<group>"; };
		9A0100000000000000000008 /* doc2mdTests.xctest */ = {isa = PBXFileReference; explicitFileType = wrapper.cfbundle; includeInIndex = 0; path = doc2mdTests.xctest; sourceTree = BUILT_PRODUCTS_DIR; };
		9A0100000000000000000009 /* FileStoreTests.swift */ = {isa = PBXFileReference; lastKnownFileType = sourcecode.swift; path = FileStoreTests.swift; sourceTree = "<group>"; };
		9A010000000000000000000A /* SupportedFormats.generated.swift */ = {isa = PBXFileReference; lastKnownFileType = sourcecode.swift; path = SupportedFormats.generated.swift; sourceTree = "<group>"; };
		9A010000000000000000000B /* AppSchemeImportRouteTests.swift */ = {isa = PBXFileReference; lastKnownFileType = sourcecode.swift; path = AppSchemeImportRouteTests.swift; sourceTree = "<group>"; };
		9A010000000000000000000C /* SparkleController.swift */ = {isa = PBXFileReference; lastKnownFileType = sourcecode.swift; path = SparkleController.swift; sourceTree = "<group>"; };
		9A010000000000000000000D /* Info.plist */ = {isa = PBXFileReference; lastKnownFileType = text.plist.xml; path = Info.plist; sourceTree = "<group>"; };
		9A010000000000000000000E /* Assets.xcassets */ = {isa = PBXFileReference; lastKnownFileType = folder.assetcatalog; path = Assets.xcassets; sourceTree = "<group>"; };
		9A010000000000000000000F /* PersistenceStore.swift */ = {isa = PBXFileReference; lastKnownFileType = sourcecode.swift; path = PersistenceStore.swift; sourceTree = "<group>"; };
		9A0100000000000000000010 /* PersistenceStoreTests.swift */ = {isa = PBXFileReference; lastKnownFileType = sourcecode.swift; path = PersistenceStoreTests.swift; sourceTree = "<group>"; };
/* End PBXFileReference section */

/* Begin PBXFrameworksBuildPhase section */
		9A0300000000000000000005 /* Frameworks */ = {
			isa = PBXFrameworksBuildPhase;
			buildActionMask = 2147483647;
			files = (
				9A0200000000000000000013 /* Sparkle in Frameworks */,
			);
			runOnlyForDeploymentPostprocessing = 0;
		};
		9A0300000000000000000004 /* Frameworks */ = {
			isa = PBXFrameworksBuildPhase;
			buildActionMask = 2147483647;
			files = (
			);
			runOnlyForDeploymentPostprocessing = 0;
		};
/* End PBXFrameworksBuildPhase section */

/* Begin PBXGroup section */
		9A0000000000000000000000 = {
			isa = PBXGroup;
			children = (
				9A0000000000000000000001 /* doc2md */,
				9A0000000000000000000004 /* doc2mdTests */,
				9A0000000000000000000002 /* Products */,
			);
			sourceTree = "<group>";
		};
		9A0000000000000000000001 /* doc2md */ = {
			isa = PBXGroup;
			children = (
				9A0100000000000000000000 /* doc2mdApp.swift */,
				9A0100000000000000000001 /* WebShellView.swift */,
				9A0100000000000000000004 /* ShellBridge.swift */,
				9A0100000000000000000005 /* MenuController.swift */,
				9A010000000000000000000C /* SparkleController.swift */,
				9A0100000000000000000006 /* AppScheme.swift */,
				9A0100000000000000000007 /* FileStore.swift */,
				9A010000000000000000000F /* PersistenceStore.swift */,
				9A010000000000000000000A /* SupportedFormats.generated.swift */,
				9A0000000000000000000003 /* Resources */,
				9A010000000000000000000D /* Info.plist */,
			);
			path = doc2md;
			sourceTree = "<group>";
		};
		9A0000000000000000000002 /* Products */ = {
			isa = PBXGroup;
			children = (
				9A0100000000000000000003 /* doc2md.app */,
				9A0100000000000000000008 /* doc2mdTests.xctest */,
			);
			name = Products;
			sourceTree = "<group>";
		};
		9A0000000000000000000003 /* Resources */ = {
			isa = PBXGroup;
			children = (
				9A0100000000000000000002 /* Web */,
				9A010000000000000000000E /* Assets.xcassets */,
			);
			path = Resources;
			sourceTree = "<group>";
		};
		9A0000000000000000000004 /* doc2mdTests */ = {
			isa = PBXGroup;
			children = (
				9A0100000000000000000009 /* FileStoreTests.swift */,
				9A0100000000000000000010 /* PersistenceStoreTests.swift */,
				9A010000000000000000000B /* AppSchemeImportRouteTests.swift */,
			);
			path = doc2mdTests;
			sourceTree = "<group>";
		};
/* End PBXGroup section */

/* Begin PBXNativeTarget section */
		9A1111111111111111111111 /* doc2md */ = {
			isa = PBXNativeTarget;
			buildConfigurationList = 9A3000000000000000000002 /* Build configuration list for PBXNativeTarget "doc2md" */;
			buildPhases = (
				9A0300000000000000000000 /* Sources */,
				9A0300000000000000000005 /* Frameworks */,
				9A0300000000000000000001 /* Build Desktop Web Bundle */,
				9A0300000000000000000002 /* Resources */,
			);
			buildRules = (
			);
			dependencies = (
			);
			name = doc2md;
			packageProductDependencies = (
				9A5000000000000000000001 /* Sparkle */,
			);
			productName = doc2md;
			productReference = 9A0100000000000000000003 /* doc2md.app */;
			productType = "com.apple.product-type.application";
		};
		9A1111111111111111111112 /* doc2mdTests */ = {
			isa = PBXNativeTarget;
			buildConfigurationList = 9A3000000000000000000007 /* Build configuration list for PBXNativeTarget "doc2mdTests" */;
			buildPhases = (
				9A0300000000000000000003 /* Sources */,
				9A0300000000000000000004 /* Frameworks */,
			);
			buildRules = (
			);
			dependencies = (
				9A0500000000000000000000 /* PBXTargetDependency */,
			);
			name = doc2mdTests;
			productName = doc2mdTests;
			productReference = 9A0100000000000000000008 /* doc2mdTests.xctest */;
			productType = "com.apple.product-type.bundle.unit-test";
		};
/* End PBXNativeTarget section */

/* Begin PBXProject section */
		9A9999999999999999999999 /* Project object */ = {
			isa = PBXProject;
			attributes = {
				BuildIndependentTargetsInParallel = 1;
				LastSwiftUpdateCheck = 1600;
				LastUpgradeCheck = 1600;
				TargetAttributes = {
					9A1111111111111111111111 = {
						CreatedOnToolsVersion = 16.0;
					};
					9A1111111111111111111112 = {
						CreatedOnToolsVersion = 16.0;
						TestTargetID = 9A1111111111111111111111;
					};
				};
			};
			buildConfigurationList = 9A3000000000000000000000 /* Build configuration list for PBXProject "doc2md" */;
			compatibilityVersion = "Xcode 14.0";
			developmentRegion = en;
			hasScannedForEncodings = 0;
			knownRegions = (
				en,
				Base,
			);
			mainGroup = 9A0000000000000000000000;
			packageReferences = (
				9A5000000000000000000000 /* XCRemoteSwiftPackageReference "Sparkle" */,
			);
			productRefGroup = 9A0000000000000000000002 /* Products */;
			projectDirPath = "";
			projectRoot = "";
			targets = (
				9A1111111111111111111111 /* doc2md */,
				9A1111111111111111111112 /* doc2mdTests */,
			);
		};
/* End PBXProject section */

/* Begin PBXResourcesBuildPhase section */
		9A0300000000000000000002 /* Resources */ = {
			isa = PBXResourcesBuildPhase;
			buildActionMask = 2147483647;
			files = (
				9A0200000000000000000002 /* Web in Resources */,
				9A0200000000000000000014 /* Assets.xcassets in Resources */,
			);
			runOnlyForDeploymentPostprocessing = 0;
		};
/* End PBXResourcesBuildPhase section */

/* Begin PBXShellScriptBuildPhase section */
		9A0300000000000000000001 /* Build Desktop Web Bundle */ = {
			isa = PBXShellScriptBuildPhase;
			alwaysOutOfDate = 1;
			buildActionMask = 2147483647;
			files = (
			);
			inputFileListPaths = (
			);
			inputPaths = (
			);
			name = "Build Desktop Web Bundle";
			outputFileListPaths = (
			);
			outputPaths = (
			);
			runOnlyForDeploymentPostprocessing = 0;
			shellPath = /bin/sh;
			shellScript = "set -euo pipefail\n\nREPO_ROOT=\"${SRCROOT}/../..\"\nWEB_RESOURCE_DIR=\"${SRCROOT}/doc2md/Resources/Web\"\n\nif [ \"${CONFIGURATION:-Debug}\" = \"Debug\" ]; then\n  echo \"Skipping desktop web bundle for Debug; WKWebView loads http://localhost:5173.\"\n  exit 0\nfi\n\nexport PATH=\"/opt/homebrew/bin:/usr/local/bin:/usr/bin:/bin:/usr/sbin:/sbin:${PATH:-}\"\nNPM_EXECUTABLE=\"${NPM_BIN:-$(command -v npm || true)}\"\nif [ -z \"$NPM_EXECUTABLE\" ]; then\n  echo \"error: npm not found. Install Node.js/npm or set NPM_BIN to the npm executable path for Xcode builds.\" >&2\n  exit 1\nfi\n\ncd \"$REPO_ROOT\"\n\"$NPM_EXECUTABLE\" run build:desktop\nmkdir -p \"$WEB_RESOURCE_DIR\"\nfind \"$WEB_RESOURCE_DIR\" -mindepth 1 -maxdepth 1 ! -name .gitkeep -exec rm -rf {} +\nditto dist \"$WEB_RESOURCE_DIR\"\ntouch \"$WEB_RESOURCE_DIR/.gitkeep\"\n";
		};
/* End PBXShellScriptBuildPhase section */

/* Begin PBXSourcesBuildPhase section */
		9A0300000000000000000000 /* Sources */ = {
			isa = PBXSourcesBuildPhase;
			buildActionMask = 2147483647;
			files = (
				9A0200000000000000000000 /* doc2mdApp.swift in Sources */,
				9A0200000000000000000001 /* WebShellView.swift in Sources */,
				9A0200000000000000000003 /* ShellBridge.swift in Sources */,
				9A0200000000000000000004 /* MenuController.swift in Sources */,
				9A0200000000000000000005 /* AppScheme.swift in Sources */,
				9A0200000000000000000006 /* FileStore.swift in Sources */,
				9A0200000000000000000015 /* PersistenceStore.swift in Sources */,
				9A0200000000000000000009 /* SupportedFormats.generated.swift in Sources */,
				9A0200000000000000000012 /* SparkleController.swift in Sources */,
			);
			runOnlyForDeploymentPostprocessing = 0;
		};
		9A0300000000000000000003 /* Sources */ = {
			isa = PBXSourcesBuildPhase;
			buildActionMask = 2147483647;
			files = (
				9A0200000000000000000007 /* FileStoreTests.swift in Sources */,
				9A0200000000000000000008 /* FileStore.swift in Sources */,
				9A0200000000000000000016 /* PersistenceStore.swift in Sources */,
				9A0200000000000000000017 /* PersistenceStoreTests.swift in Sources */,
				9A0200000000000000000010 /* AppScheme.swift in Sources */,
				9A0200000000000000000011 /* AppSchemeImportRouteTests.swift in Sources */,
			);
			runOnlyForDeploymentPostprocessing = 0;
		};
/* End PBXSourcesBuildPhase section */

/* Begin PBXTargetDependency section */
		9A0500000000000000000000 /* PBXTargetDependency */ = {
			isa = PBXTargetDependency;
			target = 9A1111111111111111111111 /* doc2md */;
			targetProxy = 9A0400000000000000000000 /* PBXContainerItemProxy */;
		};
/* End PBXTargetDependency section */

/* Begin XCBuildConfiguration section */
		9A3000000000000000000003 /* Debug */ = {
			isa = XCBuildConfiguration;
			buildSettings = {
				ASSETCATALOG_COMPILER_APPICON_NAME = AppIcon;
				ASSETCATALOG_COMPILER_GENERATE_SWIFT_ASSET_SYMBOL_EXTENSIONS = YES;
				CODE_SIGN_IDENTITY = "";
				CODE_SIGNING_ALLOWED = NO;
				CODE_SIGNING_REQUIRED = NO;
				CODE_SIGN_STYLE = Manual;
				COMBINE_HIDPI_IMAGES = YES;
				CURRENT_PROJECT_VERSION = 1;
				GENERATE_INFOPLIST_FILE = NO;
				INFOPLIST_FILE = doc2md/Info.plist;
				LD_RUNPATH_SEARCH_PATHS = (
					"$(inherited)",
					"@executable_path/../Frameworks",
				);
				MACOSX_DEPLOYMENT_TARGET = 13.0;
				MARKETING_VERSION = 0.1.0;
				PRODUCT_BUNDLE_IDENTIFIER = com.kjellkod.doc2md;
				PRODUCT_NAME = "$(TARGET_NAME)";
				SDKROOT = macosx;
				SWIFT_EMIT_LOC_STRINGS = YES;
				SWIFT_VERSION = 5.0;
			};
			name = Debug;
		};
		9A3000000000000000000004 /* Release */ = {
			isa = XCBuildConfiguration;
			buildSettings = {
				ASSETCATALOG_COMPILER_APPICON_NAME = AppIcon;
				ASSETCATALOG_COMPILER_GENERATE_SWIFT_ASSET_SYMBOL_EXTENSIONS = YES;
				CODE_SIGN_IDENTITY = "";
				CODE_SIGNING_ALLOWED = NO;
				CODE_SIGNING_REQUIRED = NO;
				CODE_SIGN_STYLE = Manual;
				COMBINE_HIDPI_IMAGES = YES;
				CURRENT_PROJECT_VERSION = 1;
				GENERATE_INFOPLIST_FILE = NO;
				INFOPLIST_FILE = doc2md/Info.plist;
				LD_RUNPATH_SEARCH_PATHS = (
					"$(inherited)",
					"@executable_path/../Frameworks",
				);
				MACOSX_DEPLOYMENT_TARGET = 13.0;
				MARKETING_VERSION = 0.1.0;
				PRODUCT_BUNDLE_IDENTIFIER = com.kjellkod.doc2md;
				PRODUCT_NAME = "$(TARGET_NAME)";
				SDKROOT = macosx;
				SWIFT_COMPILATION_MODE = wholemodule;
				SWIFT_EMIT_LOC_STRINGS = YES;
				SWIFT_VERSION = 5.0;
			};
			name = Release;
		};
		9A3000000000000000000005 /* Debug */ = {
			isa = XCBuildConfiguration;
			buildSettings = {
				ALWAYS_SEARCH_USER_PATHS = NO;
				CLANG_ANALYZER_NONNULL = YES;
				CLANG_ANALYZER_NUMBER_OBJECT_CONVERSION = YES_AGGRESSIVE;
				CLANG_CXX_LANGUAGE_STANDARD = "gnu++20";
				CLANG_ENABLE_MODULES = YES;
				CLANG_ENABLE_OBJC_ARC = YES;
				CLANG_ENABLE_OBJC_WEAK = YES;
				CLANG_WARN_BLOCK_CAPTURE_AUTORELEASING = YES;
				CLANG_WARN_BOOL_CONVERSION = YES;
				CLANG_WARN_COMMA = YES;
				CLANG_WARN_CONSTANT_CONVERSION = YES;
				CLANG_WARN_DEPRECATED_OBJC_IMPLEMENTATIONS = YES;
				CLANG_WARN_DIRECT_OBJC_ISA_USAGE = YES_ERROR;
				CLANG_WARN_DOCUMENTATION_COMMENTS = YES;
				CLANG_WARN_EMPTY_BODY = YES;
				CLANG_WARN_ENUM_CONVERSION = YES;
				CLANG_WARN_INFINITE_RECURSION = YES;
				CLANG_WARN_INT_CONVERSION = YES;
				CLANG_WARN_NON_LITERAL_NULL_CONVERSION = YES;
				CLANG_WARN_OBJC_IMPLICIT_RETAIN_SELF = YES;
				CLANG_WARN_OBJC_LITERAL_CONVERSION = YES;
				CLANG_WARN_OBJC_ROOT_CLASS = YES_ERROR;
				CLANG_WARN_QUOTED_INCLUDE_IN_FRAMEWORK_HEADER = YES;
				CLANG_WARN_RANGE_LOOP_ANALYSIS = YES;
				CLANG_WARN_STRICT_PROTOTYPES = YES;
				CLANG_WARN_SUSPICIOUS_MOVE = YES;
				CLANG_WARN_UNGUARDED_AVAILABILITY = YES_AGGRESSIVE;
				CLANG_WARN_UNREACHABLE_CODE = YES;
				COPY_PHASE_STRIP = NO;
				DEBUG_INFORMATION_FORMAT = dwarf;
				ENABLE_STRICT_OBJC_MSGSEND = YES;
				ENABLE_TESTABILITY = YES;
				GCC_C_LANGUAGE_STANDARD = gnu17;
				GCC_DYNAMIC_NO_PIC = NO;
				GCC_NO_COMMON_BLOCKS = YES;
				GCC_OPTIMIZATION_LEVEL = 0;
				GCC_PREPROCESSOR_DEFINITIONS = (
					"DEBUG=1",
					"$(inherited)",
				);
				GCC_WARN_64_TO_32_BIT_CONVERSION = YES;
				GCC_WARN_ABOUT_RETURN_TYPE = YES_ERROR;
				GCC_WARN_UNDECLARED_SELECTOR = YES;
				GCC_WARN_UNINITIALIZED_AUTOS = YES_AGGRESSIVE;
				GCC_WARN_UNUSED_FUNCTION = YES;
				GCC_WARN_UNUSED_VARIABLE = YES;
				LOCALIZATION_PREFERS_STRING_CATALOGS = YES;
				MTL_ENABLE_DEBUG_INFO = INCLUDE_SOURCE;
				MTL_FAST_MATH = YES;
				ONLY_ACTIVE_ARCH = YES;
				SDKROOT = macosx;
				SWIFT_ACTIVE_COMPILATION_CONDITIONS = DEBUG;
				SWIFT_OPTIMIZATION_LEVEL = "-Onone";
			};
			name = Debug;
		};
		9A3000000000000000000006 /* Release */ = {
			isa = XCBuildConfiguration;
			buildSettings = {
				ALWAYS_SEARCH_USER_PATHS = NO;
				CLANG_ANALYZER_NONNULL = YES;
				CLANG_ANALYZER_NUMBER_OBJECT_CONVERSION = YES_AGGRESSIVE;
				CLANG_CXX_LANGUAGE_STANDARD = "gnu++20";
				CLANG_ENABLE_MODULES = YES;
				CLANG_ENABLE_OBJC_ARC = YES;
				CLANG_ENABLE_OBJC_WEAK = YES;
				CLANG_WARN_BLOCK_CAPTURE_AUTORELEASING = YES;
				CLANG_WARN_BOOL_CONVERSION = YES;
				CLANG_WARN_COMMA = YES;
				CLANG_WARN_CONSTANT_CONVERSION = YES;
				CLANG_WARN_DEPRECATED_OBJC_IMPLEMENTATIONS = YES;
				CLANG_WARN_DIRECT_OBJC_ISA_USAGE = YES_ERROR;
				CLANG_WARN_DOCUMENTATION_COMMENTS = YES;
				CLANG_WARN_EMPTY_BODY = YES;
				CLANG_WARN_ENUM_CONVERSION = YES;
				CLANG_WARN_INFINITE_RECURSION = YES;
				CLANG_WARN_INT_CONVERSION = YES;
				CLANG_WARN_NON_LITERAL_NULL_CONVERSION = YES;
				CLANG_WARN_OBJC_IMPLICIT_RETAIN_SELF = YES;
				CLANG_WARN_OBJC_LITERAL_CONVERSION = YES;
				CLANG_WARN_OBJC_ROOT_CLASS = YES_ERROR;
				CLANG_WARN_QUOTED_INCLUDE_IN_FRAMEWORK_HEADER = YES;
				CLANG_WARN_RANGE_LOOP_ANALYSIS = YES;
				CLANG_WARN_STRICT_PROTOTYPES = YES;
				CLANG_WARN_SUSPICIOUS_MOVE = YES;
				CLANG_WARN_UNGUARDED_AVAILABILITY = YES_AGGRESSIVE;
				CLANG_WARN_UNREACHABLE_CODE = YES;
				COPY_PHASE_STRIP = NO;
				DEBUG_INFORMATION_FORMAT = "dwarf-with-dsym";
				ENABLE_NS_ASSERTIONS = NO;
				ENABLE_STRICT_OBJC_MSGSEND = YES;
				GCC_C_LANGUAGE_STANDARD = gnu17;
				GCC_NO_COMMON_BLOCKS = YES;
				GCC_WARN_64_TO_32_BIT_CONVERSION = YES;
				GCC_WARN_ABOUT_RETURN_TYPE = YES_ERROR;
				GCC_WARN_UNDECLARED_SELECTOR = YES;
				GCC_WARN_UNINITIALIZED_AUTOS = YES_AGGRESSIVE;
				GCC_WARN_UNUSED_FUNCTION = YES;
				GCC_WARN_UNUSED_VARIABLE = YES;
				LOCALIZATION_PREFERS_STRING_CATALOGS = YES;
				MTL_ENABLE_DEBUG_INFO = NO;
				MTL_FAST_MATH = YES;
				SDKROOT = macosx;
				SWIFT_COMPILATION_MODE = wholemodule;
				SWIFT_OPTIMIZATION_LEVEL = "-O";
			};
			name = Release;
		};
		9A3000000000000000000008 /* Debug */ = {
			isa = XCBuildConfiguration;
			buildSettings = {
				BUNDLE_LOADER = "$(TEST_HOST)";
				CODE_SIGN_IDENTITY = "";
				CODE_SIGNING_ALLOWED = NO;
				CODE_SIGNING_REQUIRED = NO;
				CODE_SIGN_STYLE = Manual;
				GENERATE_INFOPLIST_FILE = YES;
				LD_RUNPATH_SEARCH_PATHS = (
					"$(inherited)",
					"@executable_path/../Frameworks",
					"@loader_path/../Frameworks",
				);
				MACOSX_DEPLOYMENT_TARGET = 13.0;
				PRODUCT_BUNDLE_IDENTIFIER = com.kjellkod.doc2mdTests;
				PRODUCT_NAME = "$(TARGET_NAME)";
				SDKROOT = macosx;
				SWIFT_ACTIVE_COMPILATION_CONDITIONS = DEBUG;
				SWIFT_EMIT_LOC_STRINGS = NO;
				SWIFT_OPTIMIZATION_LEVEL = "-Onone";
				SWIFT_VERSION = 5.0;
				TEST_HOST = "$(BUILT_PRODUCTS_DIR)/doc2md.app/Contents/MacOS/doc2md";
			};
			name = Debug;
		};
		9A3000000000000000000009 /* Release */ = {
			isa = XCBuildConfiguration;
			buildSettings = {
				BUNDLE_LOADER = "$(TEST_HOST)";
				CODE_SIGN_IDENTITY = "";
				CODE_SIGNING_ALLOWED = NO;
				CODE_SIGNING_REQUIRED = NO;
				CODE_SIGN_STYLE = Manual;
				GENERATE_INFOPLIST_FILE = YES;
				LD_RUNPATH_SEARCH_PATHS = (
					"$(inherited)",
					"@executable_path/../Frameworks",
					"@loader_path/../Frameworks",
				);
				MACOSX_DEPLOYMENT_TARGET = 13.0;
				PRODUCT_BUNDLE_IDENTIFIER = com.kjellkod.doc2mdTests;
				PRODUCT_NAME = "$(TARGET_NAME)";
				SDKROOT = macosx;
				SWIFT_COMPILATION_MODE = wholemodule;
				SWIFT_EMIT_LOC_STRINGS = NO;
				SWIFT_OPTIMIZATION_LEVEL = "-O";
				SWIFT_VERSION = 5.0;
				TEST_HOST = "$(BUILT_PRODUCTS_DIR)/doc2md.app/Contents/MacOS/doc2md";
			};
			name = Release;
		};
/* End XCBuildConfiguration section */

/* Begin XCConfigurationList section */
		9A3000000000000000000000 /* Build configuration list for PBXProject "doc2md" */ = {
			isa = XCConfigurationList;
			buildConfigurations = (
				9A3000000000000000000005 /* Debug */,
				9A3000000000000000000006 /* Release */,
			);
			defaultConfigurationIsVisible = 0;
			defaultConfigurationName = Release;
		};
		9A3000000000000000000002 /* Build configuration list for PBXNativeTarget "doc2md" */ = {
			isa = XCConfigurationList;
			buildConfigurations = (
				9A3000000000000000000003 /* Debug */,
				9A3000000000000000000004 /* Release */,
			);
			defaultConfigurationIsVisible = 0;
			defaultConfigurationName = Release;
		};
		9A3000000000000000000007 /* Build configuration list for PBXNativeTarget "doc2mdTests" */ = {
			isa = XCConfigurationList;
			buildConfigurations = (
				9A3000000000000000000008 /* Debug */,
				9A3000000000000000000009 /* Release */,
			);
			defaultConfigurationIsVisible = 0;
			defaultConfigurationName = Release;
		};
/* End XCConfigurationList section */

/* Begin XCRemoteSwiftPackageReference section */
		9A5000000000000000000000 /* XCRemoteSwiftPackageReference "Sparkle" */ = {
			isa = XCRemoteSwiftPackageReference;
			repositoryURL = "https://github.com/sparkle-project/Sparkle";
			requirement = {
				kind = upToNextMajorVersion;
				minimumVersion = 2.9.1;
			};
		};
/* End XCRemoteSwiftPackageReference section */

/* Begin XCSwiftPackageProductDependency section */
		9A5000000000000000000001 /* Sparkle */ = {
			isa = XCSwiftPackageProductDependency;
			package = 9A5000000000000000000000 /* XCRemoteSwiftPackageReference "Sparkle" */;
			productName = Sparkle;
		};
/* End XCSwiftPackageProductDependency section */
	};
	rootObject = 9A9999999999999999999999 /* Project object */;
}
